
Microsoft Visual Studio Solution File, Format Version 12.00
# Visual Studio 15
VisualStudioVersion = 15.0.28010.2046
MinimumVisualStudioVersion = 10.0.40219.1
Project("{FAE04EC0-301F-11D3-BF4B-00C04F79EFBC}") = "Esercizio_15", "Esercizio_15\Esercizio_15.csproj", "{A55403A2-E078-4D85-9E47-9C00C988D905}"
EndProject
Project("{FAE04EC0-301F-11D3-BF4B-00C04F79EFBC}") = "Esercizio_16", "Esercizio_16\Esercizio_16.csproj", "{2F804B42-7E88-42BF-9C22-BFFB936CB00F}"
EndProject
Project("{FAE04EC0-301F-11D3-BF4B-00C04F79EFBC}") = "Esercizio_6_Pag_138", "Esercizio_6_Pag_138\Esercizio_6_Pag_138.csproj", "{896D7DA8-96CB-4C1A-AE08-65C62076A552}"
EndProject
Project("{FAE04EC0-301F-11D3-BF4B-00C04F79EFBC}") = "Sfida_Pag_233", "Sfida_Pag_233\Sfida_Pag_233.csproj", "{A62598F9-AED2-495B-A858-8A756F794661}"
EndProject
Project("{FAE04EC0-301F-11D3-BF4B-00C04F79EFBC}") = "Esercizio_1_pag_234", "Esercizio_1_pag_234\Esercizio_1_pag_234.csproj", "{57FB3274-DD43-487D-A9C8-85861CE11E2A}"
EndProject
Global
	GlobalSection(SolutionConfigurationPlatforms) = preSolution
		Debug|Any CPU = Debug|Any CPU
		Release|Any CPU = Release|Any CPU
	EndGlobalSection
	GlobalSection(ProjectConfigurationPlatforms) = postSolution
		{A55403A2-E078-4D85-9E47-9C00C988D905}.Debug|Any CPU.ActiveCfg = Debug|Any CPU
		{A55403A2-E078-4D85-9E47-9C00C988D905}.Debug|Any CPU.Build.0 = Debug|Any CPU
		{A55403A2-E078-4D85-9E47-9C00C988D905}.Release|Any CPU.ActiveCfg = Release|Any CPU
		{A55403A2-E078-4D85-9E47-9C00C988D905}.Release|Any CPU.Build.0 = Release|Any CPU
		{2F804B42-7E88-42BF-9C22-BFFB936CB00F}.Debug|Any CPU.ActiveCfg = Debug|Any CPU
		{2F804B42-7E88-42BF-9C22-BFFB936CB00F}.Debug|Any CPU.Build.0 = Debug|Any CPU
		{2F804B42-7E88-42BF-9C22-BFFB936CB00F}.Release|Any CPU.ActiveCfg = Release|Any CPU
		{2F804B42-7E88-42BF-9C22-BFFB936CB00F}.Release|Any CPU.Build.0 = Release|Any CPU
		{896D7DA8-96CB-4C1A-AE08-65C62076A552}.Debug|Any CPU.ActiveCfg = Debug|Any CPU
		{896D7DA8-96CB-4C1A-AE08-65C62076A552}.Debug|Any CPU.Build.0 = Debug|Any CPU
		{896D7DA8-96CB-4C1A-AE08-65C62076A552}.Release|Any CPU.ActiveCfg = Release|Any CPU
		{896D7DA8-96CB-4C1A-AE08-65C62076A552}.Release|Any CPU.Build.0 = Release|Any CPU
		{A62598F9-AED2-495B-A858-8A756F794661}.Debug|Any CPU.ActiveCfg = Debug|Any CPU
		{A62598F9-AED2-495B-A858-8A756F794661}.Debug|Any CPU.Build.0 = Debug|Any CPU
		{A62598F9-AED2-495B-A858-8A756F794661}.Release|Any CPU.ActiveCfg = Release|Any CPU
		{A62598F9-AED2-495B-A858-8A756F794661}.Release|Any CPU.Build.0 = Release|Any CPU
		{57FB3274-DD43-487D-A9C8-85861CE11E2A}.Debug|Any CPU.ActiveCfg = Debug|Any CPU
		{57FB3274-DD43-487D-A9C8-85861CE11E2A}.Debug|Any CPU.Build.0 = Debug|Any CPU
		{57FB3274-DD43-487D-A9C8-85861CE11E2A}.Release|Any CPU.ActiveCfg = Release|Any CPU
		{57FB3274-DD43-487D-A9C8-85861CE11E2A}.Release|Any CPU.Build.0 = Release|Any CPU
	EndGlobalSection
	GlobalSection(SolutionProperties) = preSolution
		HideSolutionNode = FALSE
	EndGlobalSection
	GlobalSection(ExtensibilityGlobals) = postSolution
		SolutionGuid = {ED9774BB-C9CF-445B-A027-AE98CFF8A091}
	EndGlobalSection
EndGlobal
